
Microsoft Visual Studio Solution File, Format Version 12.00
# Visual Studio Version 17
VisualStudioVersion = 17.7.34031.279
MinimumVisualStudioVersion = 10.0.40219.1
Project("{9A19103F-16F7-4668-BE54-9A1E7A4F7556}") = "PalindromeChecker", "PalindromeChecker\PalindromeChecker.csproj", "{00BB731E-0939-4CD3-8AE5-C3790EE33AAE}"
EndProject
Project("{FAE04EC0-301F-11D3-BF4B-00C04F79EFBC}") = "PalindromeCheckerTests", "PalindromeCheckerTests\PalindromeCheckerTests.csproj", "{AB7AE819-53E1-48E9-B04B-F6075F14EB79}"
EndProject
Global
	GlobalSection(SolutionConfigurationPlatforms) = preSolution
		Debug|Any CPU = Debug|Any CPU
		Release|Any CPU = Release|Any CPU
	EndGlobalSection
	GlobalSection(ProjectConfigurationPlatforms) = postSolution
		{00BB731E-0939-4CD3-8AE5-C3790EE33AAE}.Debug|Any CPU.ActiveCfg = Debug|Any CPU
		{00BB731E-0939-4CD3-8AE5-C3790EE33AAE}.Debug|Any CPU.Build.0 = Debug|Any CPU
		{00BB731E-0939-4CD3-8AE5-C3790EE33AAE}.Release|Any CPU.ActiveCfg = Release|Any CPU
		{00BB731E-0939-4CD3-8AE5-C3790EE33AAE}.Release|Any CPU.Build.0 = Release|Any CPU
		{AB7AE819-53E1-48E9-B04B-F6075F14EB79}.Debug|Any CPU.ActiveCfg = Debug|Any CPU
		{AB7AE819-53E1-48E9-B04B-F6075F14EB79}.Debug|Any CPU.Build.0 = Debug|Any CPU
		{AB7AE819-53E1-48E9-B04B-F6075F14EB79}.Release|Any CPU.ActiveCfg = Release|Any CPU
		{AB7AE819-53E1-48E9-B04B-F6075F14EB79}.Release|Any CPU.Build.0 = Release|Any CPU
	EndGlobalSection
	GlobalSection(SolutionProperties) = preSolution
		HideSolutionNode = FALSE
	EndGlobalSection
	GlobalSection(ExtensibilityGlobals) = postSolution
		SolutionGuid = {981CB64F-FD31-4234-83AD-9645EF8D6FFF}
	EndGlobalSection
EndGlobal
